
Microsoft Visual Studio Solution File, Format Version 12.00
Project("{FAE04EC0-301F-11D3-BF4B-00C04F79EFBC}") = "NetStandard2Project", "NetStandard2Project\NetStandard2Project.csproj", "{671E4C45-34FC-4DCD-9848-853CD8B6FF82}"
EndProject
Project("{FAE04EC0-301F-11D3-BF4B-00C04F79EFBC}") = "NetCoreProject", "NetCoreProject\NetCoreProject.csproj", "{FDF22584-A99B-4165-8CBF-0EE21FC2ECB8}"
EndProject
Global
	GlobalSection(SolutionConfigurationPlatforms) = preSolution
		Debug|Any CPU = Debug|Any CPU
		Release|Any CPU = Release|Any CPU
	EndGlobalSection
	GlobalSection(ProjectConfigurationPlatforms) = postSolution
		{671E4C45-34FC-4DCD-9848-853CD8B6FF82}.Debug|Any CPU.ActiveCfg = Debug|Any CPU
		{671E4C45-34FC-4DCD-9848-853CD8B6FF82}.Debug|Any CPU.Build.0 = Debug|Any CPU
		{671E4C45-34FC-4DCD-9848-853CD8B6FF82}.Release|Any CPU.ActiveCfg = Release|Any CPU
		{671E4C45-34FC-4DCD-9848-853CD8B6FF82}.Release|Any CPU.Build.0 = Release|Any CPU
		{FDF22584-A99B-4165-8CBF-0EE21FC2ECB8}.Debug|Any CPU.ActiveCfg = Debug|Any CPU
		{FDF22584-A99B-4165-8CBF-0EE21FC2ECB8}.Debug|Any CPU.Build.0 = Debug|Any CPU
		{FDF22584-A99B-4165-8CBF-0EE21FC2ECB8}.Release|Any CPU.ActiveCfg = Release|Any CPU
		{FDF22584-A99B-4165-8CBF-0EE21FC2ECB8}.Release|Any CPU.Build.0 = Release|Any CPU
	EndGlobalSection
EndGlobal
